# THIS IS AN AUTOGENERATED FILE. DO NOT EDIT THIS FILE DIRECTLY.
# yarn lockfile v1


uniqid@^5.2.0:
  version "5.2.0"
  resolved "https://registry.yarnpkg.com/uniqid/-/uniqid-5.2.0.tgz#0d0589a7e9ce07116848126764fbff0b68e74329"
  integrity sha512-LH8zsvwJ/GL6YtNfSOmMCrI9piraAUjBfw2MCvleNE6a4pVKJwXjG2+HWhkVeFcSg+nmaPKbMrMOoxwQluZ1Mg==
